# This file is generated by running "yarn install" inside your project.
# Manual changes might be lost - proceed with caution!

__metadata:
  version: 10
  cacheKey: 10c0

"@emnapi/runtime@npm:^1.7.0":
  version: 1.11.3
  resolution: "@emnapi/runtime@npm:1.11.3"
  dependencies:
    tslib: "npm:^2.4.0"
  checksum: 10c0/a00f1020fefb9d4145c367f93a9fddb383a00da8ffd7871e20b19659890379b83aeecb9f84d7d0eda5456343f4a09eb05b0acb5153b0d3d889539dedb1ed87c3
  languageName: node
  linkType: hard

"@floating-ui/core@npm:^1.8.0":
  version: 1.8.0
  resolution: "@floating-ui/core@npm:1.8.0"
  dependencies:
    "@floating-ui/utils": "npm:^0.2.12"
  checksum: 10c0/cece958f6fab0f8cd7740cd57988c4f8bc5356dca39dd4c093433d44c91952c3a02c7a54d93d7ed6c078b6544d531a29f66621d2839c8bfbb4467dca6aed7df0
  languageName: node
  linkType: hard

"@floating-ui/dom@npm:^1.8.0":
  version: 1.8.0
  resolution: "@floating-ui/dom@npm:1.8.0"
  dependencies:
    "@floating-ui/core": "npm:^1.8.0"
    "@floating-ui/utils": "npm:^0.2.12"
  checksum: 10c0/c32b2de7a596b69cfffa909c7028825e14f6319be1b45da529f8943c89fe16b75a49c214e800c87ded3f172353d3b99163d50072f11410488e756961b7b629cc
  languageName: node
  linkType: hard

"@floating-ui/react-dom@npm:^2.1.9":
  version: 2.1.9
  resolution: "@floating-ui/react-dom@npm:2.1.9"
  dependencies:
    "@floating-ui/dom": "npm:^1.8.0"
  peerDependencies:
    react: ">=16.8.0"
    react-dom: ">=16.8.0"
  checksum: 10c0/9fa9851069738cb9591a1ab2da16e257f193eae5fd2d6d48ad0b1e73f3c049929b6805c5ad43d4af3c1da63c60b215b0ee4651a1fe5caeb80e66d9d423744348
  languageName: node
  linkType: hard

"@floating-ui/react@npm:^0.27.20":
  version: 0.27.20
  resolution: "@floating-ui/react@npm:0.27.20"
  dependencies:
    "@floating-ui/react-dom": "npm:^2.1.9"
    "@floating-ui/utils": "npm:^0.2.12"
    tabbable: "npm:^6.0.0"
  peerDependencies:
    react: ">=17.0.0"
    react-dom: ">=17.0.0"
  checksum: 10c0/5ebeb4c877128e9a274692849ceb2103b370441626e97ade38c25db5d94371dd7274292eda05208cc5d1c92c594a59595a1909799c2ac8ff44f9e651a4fe55b3
  languageName: node
  linkType: hard

"@floating-ui/utils@npm:^0.2.12":
  version: 0.2.12
  resolution: "@floating-ui/utils@npm:0.2.12"
  checksum: 10c0/bb910b90d56991a62011afaf5f8e0c4b7fb6dab69403f4dd17fbd6eb25560b28d533dff9791f270b4f459852e9006a1077b5d73cbedb5e34d9424afc6a828314
  languageName: node
  linkType: hard

"@img/colour@npm:^1.0.0":
  version: 1.1.0
  resolution: "@img/colour@npm:1.1.0"
  checksum: 10c0/2ebea2c0bbaee73b99badcefa04e1e71d83f36e5369337d3121dca841f4569533c4e2faddda6d62dd247f0d5cca143711f9446c59bcce81e427ba433a7a94a17
  languageName: node
  linkType: hard

"@img/sharp-darwin-arm64@npm:0.34.5":
  version: 0.34.5
  resolution: "@img/sharp-darwin-arm64@npm:0.34.5"
  dependencies:
    "@img/sharp-libvips-darwin-arm64": "npm:1.2.4"
  dependenciesMeta:
    "@img/sharp-libvips-darwin-arm64":
      optional: true
  conditions: os=darwin & cpu=arm64
  languageName: node
  linkType: hard

"@img/sharp-darwin-x64@npm:0.34.5":
  version: 0.34.5
  resolution: "@img/sharp-darwin-x64@npm:0.34.5"
  dependencies:
    "@img/sharp-libvips-darwin-x64": "npm:1.2.4"
  dependenciesMeta:
    "@img/sharp-libvips-darwin-x64":
      optional: true
  conditions: os=darwin & cpu=x64
  languageName: node
  linkType: hard

"@img/sharp-libvips-darwin-arm64@npm:1.2.4":
  version: 1.2.4
  resolution: "@img/sharp-libvips-darwin-arm64@npm:1.2.4"
  conditions: os=darwin & cpu=arm64
  languageName: node
  linkType: hard

"@img/sharp-libvips-darwin-x64@npm:1.2.4":
  version: 1.2.4
  resolution: "@img/sharp-libvips-darwin-x64@npm:1.2.4"
  conditions: os=darwin & cpu=x64
  languageName: node
  linkType: hard

"@img/sharp-libvips-linux-arm64@npm:1.2.4":
  version: 1.2.4
  resolution: "@img/sharp-libvips-linux-arm64@npm:1.2.4"
  conditions: os=linux & cpu=arm64 & libc=glibc
  languageName: node
  linkType: hard

"@img/sharp-libvips-linux-arm@npm:1.2.4":
  version: 1.2.4
  resolution: "@img/sharp-libvips-linux-arm@npm:1.2.4"
  conditions: os=linux & cpu=arm & libc=glibc
  languageName: node
  linkType: hard

"@img/sharp-libvips-linux-ppc64@npm:1.2.4":
  version: 1.2.4
  resolution: "@img/sharp-libvips-linux-ppc64@npm:1.2.4"
  conditions: os=linux & cpu=ppc64 & libc=glibc
  languageName: node
  linkType: hard

"@img/sharp-libvips-linux-riscv64@npm:1.2.4":
  version: 1.2.4
  resolution: "@img/sharp-libvips-linux-riscv64@npm:1.2.4"
  conditions: os=linux & cpu=riscv64 & libc=glibc
  languageName: node
  linkType: hard

"@img/sharp-libvips-linux-s390x@npm:1.2.4":
  version: 1.2.4
  resolution: "@img/sharp-libvips-linux-s390x@npm:1.2.4"
  conditions: os=linux & cpu=s390x & libc=glibc
  languageName: node
  linkType: hard

"@img/sharp-libvips-linux-x64@npm:1.2.4":
  version: 1.2.4
  resolution: "@img/sharp-libvips-linux-x64@npm:1.2.4"
  conditions: os=linux & cpu=x64 & libc=glibc
  languageName: node
  linkType: hard

"@img/sharp-libvips-linuxmusl-arm64@npm:1.2.4":
  version: 1.2.4
  resolution: "@img/sharp-libvips-linuxmusl-arm64@npm:1.2.4"
  conditions: os=linux & cpu=arm64 & libc=musl
  languageName: node
  linkType: hard

"@img/sharp-libvips-linuxmusl-x64@npm:1.2.4":
  version: 1.2.4
  resolution: "@img/sharp-libvips-linuxmusl-x64@npm:1.2.4"
  conditions: os=linux & cpu=x64 & libc=musl
  languageName: node
  linkType: hard

"@img/sharp-linux-arm64@npm:0.34.5":
  version: 0.34.5
  resolution: "@img/sharp-linux-arm64@npm:0.34.5"
  dependencies:
    "@img/sharp-libvips-linux-arm64": "npm:1.2.4"
  dependenciesMeta:
    "@img/sharp-libvips-linux-arm64":
      optional: true
  conditions: os=linux & cpu=arm64 & libc=glibc
  languageName: node
  linkType: hard

"@img/sharp-linux-arm@npm:0.34.5":
  version: 0.34.5
  resolution: "@img/sharp-linux-arm@npm:0.34.5"
  dependencies:
    "@img/sharp-libvips-linux-arm": "npm:1.2.4"
  dependenciesMeta:
    "@img/sharp-libvips-linux-arm":
      optional: true
  conditions: os=linux & cpu=arm & libc=glibc
  languageName: node
  linkType: hard

"@img/sharp-linux-ppc64@npm:0.34.5":
  version: 0.34.5
  resolution: "@img/sharp-linux-ppc64@npm:0.34.5"
  dependencies:
    "@img/sharp-libvips-linux-ppc64": "npm:1.2.4"
  dependenciesMeta:
    "@img/sharp-libvips-linux-ppc64":
      optional: true
  conditions: os=linux & cpu=ppc64 & libc=glibc
  languageName: node
  linkType: hard

"@img/sharp-linux-riscv64@npm:0.34.5":
  version: 0.34.5
  resolution: "@img/sharp-linux-riscv64@npm:0.34.5"
  dependencies:
    "@img/sharp-libvips-linux-riscv64": "npm:1.2.4"
  dependenciesMeta:
    "@img/sharp-libvips-linux-riscv64":
      optional: true
  conditions: os=linux & cpu=riscv64 & libc=glibc
  languageName: node
  linkType: hard

"@img/sharp-linux-s390x@npm:0.34.5":
  version: 0.34.5
  resolution: "@img/sharp-linux-s390x@npm:0.34.5"
  dependencies:
    "@img/sharp-libvips-linux-s390x": "npm:1.2.4"
  dependenciesMeta:
    "@img/sharp-libvips-linux-s390x":
      optional: true
  conditions: os=linux & cpu=s390x & libc=glibc
  languageName: node
  linkType: hard

"@img/sharp-linux-x64@npm:0.34.5":
  version: 0.34.5
  resolution: "@img/sharp-linux-x64@npm:0.34.5"
  dependencies:
    "@img/sharp-libvips-linux-x64": "npm:1.2.4"
  dependenciesMeta:
    "@img/sharp-libvips-linux-x64":
      optional: true
  conditions: os=linux & cpu=x64 & libc=glibc
  languageName: node
  linkType: hard

"@img/sharp-linuxmusl-arm64@npm:0.34.5":
  version: 0.34.5
  resolution: "@img/sharp-linuxmusl-arm64@npm:0.34.5"
  dependencies:
    "@img/sharp-libvips-linuxmusl-arm64": "npm:1.2.4"
  dependenciesMeta:
    "@img/sharp-libvips-linuxmusl-arm64":
      optional: true
  conditions: os=linux & cpu=arm64 & libc=musl
  languageName: node
  linkType: hard

"@img/sharp-linuxmusl-x64@npm:0.34.5":
  version: 0.34.5
  resolution: "@img/sharp-linuxmusl-x64@npm:0.34.5"
  dependencies:
    "@img/sharp-libvips-linuxmusl-x64": "npm:1.2.4"
  dependenciesMeta:
    "@img/sharp-libvips-linuxmusl-x64":
      optional: true
  conditions: os=linux & cpu=x64 & libc=musl
  languageName: node
  linkType: hard

"@img/sharp-wasm32@npm:0.34.5":
  version: 0.34.5
  resolution: "@img/sharp-wasm32@npm:0.34.5"
  dependencies:
    "@emnapi/runtime": "npm:^1.7.0"
  conditions: cpu=wasm32
  languageName: node
  linkType: hard

"@img/sharp-win32-arm64@npm:0.34.5":
  version: 0.34.5
  resolution: "@img/sharp-win32-arm64@npm:0.34.5"
  conditions: os=win32 & cpu=arm64
  languageName: node
  linkType: hard

"@img/sharp-win32-ia32@npm:0.34.5":
  version: 0.34.5
  resolution: "@img/sharp-win32-ia32@npm:0.34.5"
  conditions: os=win32 & cpu=ia32
  languageName: node
  linkType: hard

"@img/sharp-win32-x64@npm:0.34.5":
  version: 0.34.5
  resolution: "@img/sharp-win32-x64@npm:0.34.5"
  conditions: os=win32 & cpu=x64
  languageName: node
  linkType: hard

"@mantine/core@npm:9.6.1":
  version: 9.6.1
  resolution: "@mantine/core@npm:9.6.1"
  dependencies:
    "@floating-ui/react": "npm:^0.27.20"
    clsx: "npm:^2.1.1"
    react-number-format: "npm:^5.4.5"
    react-remove-scroll: "npm:^2.7.2"
    type-fest: "npm:^5.8.0"
  peerDependencies:
    "@mantine/hooks": 9.6.1
    react: ^19.2.0
    react-dom: ^19.2.0
  checksum: 10c0/2891407a293cf5415ae3b9a5025dfce193e7051ab40c839e98f0b26c1b21c133b7bde250c441b9eca40e64691e4999d853825e12afb8ad35657597f2134f8efb
  languageName: node
  linkType: hard

"@mantine/hooks@npm:9.6.1":
  version: 9.6.1
  resolution: "@mantine/hooks@npm:9.6.1"
  peerDependencies:
    react: ^19.2.0
  checksum: 10c0/74a2fa03d95fa825bd98afe4643372907619074599948c617b9bec018ad8a92523db77708a922f928e2a1326f2150bedd19f59011b56ec3c8d1d0631cb5c1b51
  languageName: node
  linkType: hard

"@next/env@npm:16.2.2":
  version: 16.2.2
  resolution: "@next/env@npm:16.2.2"
  checksum: 10c0/6587718aa8596dc3a23c6fcffa57be59612e3cb1340f31c4b5ad868f3a7dea4bab5c1f8ad83567983b4fae72af1503c104999547b15f0f82104b70efceabee7a
  languageName: node
  linkType: hard

"@next/swc-darwin-arm64@npm:16.2.2":
  version: 16.2.2
  resolution: "@next/swc-darwin-arm64@npm:16.2.2"
  conditions: os=darwin & cpu=arm64
  languageName: node
  linkType: hard

"@next/swc-darwin-x64@npm:16.2.2":
  version: 16.2.2
  resolution: "@next/swc-darwin-x64@npm:16.2.2"
  conditions: os=darwin & cpu=x64
  languageName: node
  linkType: hard

"@next/swc-linux-arm64-gnu@npm:16.2.2":
  version: 16.2.2
  resolution: "@next/swc-linux-arm64-gnu@npm:16.2.2"
  conditions: os=linux & cpu=arm64 & libc=glibc
  languageName: node
  linkType: hard

"@next/swc-linux-arm64-musl@npm:16.2.2":
  version: 16.2.2
  resolution: "@next/swc-linux-arm64-musl@npm:16.2.2"
  conditions: os=linux & cpu=arm64 & libc=musl
  languageName: node
  linkType: hard

"@next/swc-linux-x64-gnu@npm:16.2.2":
  version: 16.2.2
  resolution: "@next/swc-linux-x64-gnu@npm:16.2.2"
  conditions: os=linux & cpu=x64 & libc=glibc
  languageName: node
  linkType: hard

"@next/swc-linux-x64-musl@npm:16.2.2":
  version: 16.2.2
  resolution: "@next/swc-linux-x64-musl@npm:16.2.2"
  conditions: os=linux & cpu=x64 & libc=musl
  languageName: node
  linkType: hard

"@next/swc-win32-arm64-msvc@npm:16.2.2":
  version: 16.2.2
  resolution: "@next/swc-win32-arm64-msvc@npm:16.2.2"
  conditions: os=win32 & cpu=arm64
  languageName: node
  linkType: hard

"@next/swc-win32-x64-msvc@npm:16.2.2":
  version: 16.2.2
  resolution: "@next/swc-win32-x64-msvc@npm:16.2.2"
  conditions: os=win32 & cpu=x64
  languageName: node
  linkType: hard

"@oxlint/binding-android-arm-eabi@npm:1.85.0":
  version: 1.85.0
  resolution: "@oxlint/binding-android-arm-eabi@npm:1.85.0"
  conditions: os=android & cpu=arm
  languageName: node
  linkType: hard

"@oxlint/binding-android-arm64@npm:1.85.0":
  version: 1.85.0
  resolution: "@oxlint/binding-android-arm64@npm:1.85.0"
  conditions: os=android & cpu=arm64
  languageName: node
  linkType: hard

"@oxlint/binding-darwin-arm64@npm:1.85.0":
  version: 1.85.0
  resolution: "@oxlint/binding-darwin-arm64@npm:1.85.0"
  conditions: os=darwin & cpu=arm64
  languageName: node
  linkType: hard

"@oxlint/binding-darwin-x64@npm:1.85.0":
  version: 1.85.0
  resolution: "@oxlint/binding-darwin-x64@npm:1.85.0"
  conditions: os=darwin & cpu=x64
  languageName: node
  linkType: hard

"@oxlint/binding-freebsd-x64@npm:1.85.0":
  version: 1.85.0
  resolution: "@oxlint/binding-freebsd-x64@npm:1.85.0"
  conditions: os=freebsd & cpu=x64
  languageName: node
  linkType: hard

"@oxlint/binding-linux-arm-gnueabihf@npm:1.85.0":
  version: 1.85.0
  resolution: "@oxlint/binding-linux-arm-gnueabihf@npm:1.85.0"
  conditions: os=linux & cpu=arm
  languageName: node
  linkType: hard

"@oxlint/binding-linux-arm-musleabihf@npm:1.85.0":
  version: 1.85.0
  resolution: "@oxlint/binding-linux-arm-musleabihf@npm:1.85.0"
  conditions: os=linux & cpu=arm
  languageName: node
  linkType: hard

"@oxlint/binding-linux-arm64-gnu@npm:1.85.0":
  version: 1.85.0
  resolution: "@oxlint/binding-linux-arm64-gnu@npm:1.85.0"
  conditions: os=linux & cpu=arm64 & libc=glibc
  languageName: node
  linkType: hard

"@oxlint/binding-linux-arm64-musl@npm:1.85.0":
  version: 1.85.0
  resolution: "@oxlint/binding-linux-arm64-musl@npm:1.85.0"
  conditions: os=linux & cpu=arm64 & libc=musl
  languageName: node
  linkType: hard

"@oxlint/binding-linux-ppc64-gnu@npm:1.85.0":
  version: 1.85.0
  resolution: "@oxlint/binding-linux-ppc64-gnu@npm:1.85.0"
  conditions: os=linux & cpu=ppc64 & libc=glibc
  languageName: node
  linkType: hard

"@oxlint/binding-linux-riscv64-gnu@npm:1.85.0":
  version: 1.85.0
  resolution: "@oxlint/binding-linux-riscv64-gnu@npm:1.85.0"
  conditions: os=linux & cpu=riscv64 & libc=glibc
  languageName: node
  linkType: hard

"@oxlint/binding-linux-riscv64-musl@npm:1.85.0":
  version: 1.85.0
  resolution: "@oxlint/binding-linux-riscv64-musl@npm:1.85.0"
  conditions: os=linux & cpu=riscv64 & libc=musl
  languageName: node
  linkType: hard

"@oxlint/binding-linux-s390x-gnu@npm:1.85.0":
  version: 1.85.0
  resolution: "@oxlint/binding-linux-s390x-gnu@npm:1.85.0"
  conditions: os=linux & cpu=s390x & libc=glibc
  languageName: node
  linkType: hard

"@oxlint/binding-linux-x64-gnu@npm:1.85.0":
  version: 1.85.0
  resolution: "@oxlint/binding-linux-x64-gnu@npm:1.85.0"
  conditions: os=linux & cpu=x64 & libc=glibc
  languageName: node
  linkType: hard

"@oxlint/binding-linux-x64-musl@npm:1.85.0":
  version: 1.85.0
  resolution: "@oxlint/binding-linux-x64-musl@npm:1.85.0"
  conditions: os=linux & cpu=x64 & libc=musl
  languageName: node
  linkType: hard

"@oxlint/binding-openharmony-arm64@npm:1.85.0":
  version: 1.85.0
  resolution: "@oxlint/binding-openharmony-arm64@npm:1.85.0"
  conditions: os=openharmony & cpu=arm64
  languageName: node
  linkType: hard

"@oxlint/binding-win32-arm64-msvc@npm:1.85.0":
  version: 1.85.0
  resolution: "@oxlint/binding-win32-arm64-msvc@npm:1.85.0"
  conditions: os=win32 & cpu=arm64
  languageName: node
  linkType: hard

"@oxlint/binding-win32-ia32-msvc@npm:1.85.0":
  version: 1.85.0
  resolution: "@oxlint/binding-win32-ia32-msvc@npm:1.85.0"
  conditions: os=win32 & cpu=ia32
  languageName: node
  linkType: hard

"@oxlint/binding-win32-x64-msvc@npm:1.85.0":
  version: 1.85.0
  resolution: "@oxlint/binding-win32-x64-msvc@npm:1.85.0"
  conditions: os=win32 & cpu=x64
  languageName: node
  linkType: hard

"@swc/helpers@npm:0.5.15":
  version: 0.5.15
  resolution: "@swc/helpers@npm:0.5.15"
  dependencies:
    tslib: "npm:^2.8.0"
  checksum: 10c0/33002f74f6f885f04c132960835fdfc474186983ea567606db62e86acd0680ca82f34647e8e610f4e1e422d1c16fce729dde22cd3b797ab1fd9061a825dabca4
  languageName: node
  linkType: hard

"@tabler/icons-react@npm:^3.48.0":
  version: 3.48.0
  resolution: "@tabler/icons-react@npm:3.48.0"
  dependencies:
    "@tabler/icons": "npm:3.48.0"
  peerDependencies:
    react: ">= 16"
  checksum: 10c0/49c314159da3d19cbb4e4791928a4edd78a02805ac262702b0a177fccbf2b8f3b7ace1ca81e1df873237ef86266dce5bf5547758803e83d24d5887af99716240
  languageName: node
  linkType: hard

"@tabler/icons@npm:3.48.0":
  version: 3.48.0
  resolution: "@tabler/icons@npm:3.48.0"
  checksum: 10c0/52c4e582dede13508c6cf34b73c23f80449dde042ee487cb2ef082e92b50cb644f61072871a95f6a0ebb11b117d7f10581455906bb74ed0fa0a9924170876e80
  languageName: node
  linkType: hard

"@types/node@npm:24.3.3":
  version: 24.3.3
  resolution: "@types/node@npm:24.3.3"
  dependencies:
    undici-types: "npm:~7.10.0"
  checksum: 10c0/5324108314b3d9abaafd82ea04a91ea6904580c1fbe47c52600881ae250fef3b2d3d28c7d68cb979b07241d29fe889b66bd9f92346902bea65a3e562937c7d9a
  languageName: node
  linkType: hard

"@types/react-dom@npm:^19.2.1":
  version: 19.3.0
  resolution: "@types/react-dom@npm:19.3.0"
  peerDependencies:
    "@types/react": ^19.3.0
  checksum: 10c0/ce0066d28b62bc6afdd17ca84756b8fbe0f6ffc0c8b1e60739abc30e81510da2edbc1007e6ab3d974d30f5a8c25bb0f7de8d7ce09736c909fe84c0f9aed0b946
  languageName: node
  linkType: hard

"@types/react@npm:19.2.14":
  version: 19.2.14
  resolution: "@types/react@npm:19.2.14"
  dependencies:
    csstype: "npm:^3.2.2"
  checksum: 10c0/7d25bf41b57719452d86d2ac0570b659210402707313a36ee612666bf11275a1c69824f8c3ee1fdca077ccfe15452f6da8f1224529b917050eb2d861e52b59b7
  languageName: node
  linkType: hard

"baseline-browser-mapping@npm:^2.9.19":
  version: 2.11.26
  resolution: "baseline-browser-mapping@npm:2.11.26"
  bin:
    baseline-browser-mapping: dist/cli.cjs
  checksum: 10c0/62abc56f5afad332e9da97bbb1c0fac78a455c67ce94564007b3eb8e6051bcea2c1c8b14e21a34d00deefca9cd4c08d9c980aee5be662bb68f52f7a71556f2ea
  languageName: node
  linkType: hard

"camelcase-css@npm:^2.0.1":
  version: 2.0.1
  resolution: "camelcase-css@npm:2.0.1"
  checksum: 10c0/1a1a3137e8a781e6cbeaeab75634c60ffd8e27850de410c162cce222ea331cd1ba5364e8fb21c95e5ca76f52ac34b81a090925ca00a87221355746d049c6e273
  languageName: node
  linkType: hard

"caniuse-lite@npm:^1.0.30001579":
  version: 1.0.30001812
  resolution: "caniuse-lite@npm:1.0.30001812"
  checksum: 10c0/7f7375d80dbec0c4feeb11a0f655de12d27fd38a5ecff831ef2ceb7a74a87b9fb27d9ffcdd8b114e6f33f951e401ba86cfca489b8e78de505392d3d08e223abe
  languageName: node
  linkType: hard

"client-only@npm:0.0.1":
  version: 0.0.1
  resolution: "client-only@npm:0.0.1"
  checksum: 10c0/9d6cfd0c19e1c96a434605added99dff48482152af791ec4172fb912a71cff9027ff174efd8cdb2160cc7f377543e0537ffc462d4f279bc4701de3f2a3c4b358
  languageName: node
  linkType: hard

"clsx@npm:^2.1.1":
  version: 2.1.1
  resolution: "clsx@npm:2.1.1"
  checksum: 10c0/c4c8eb865f8c82baab07e71bfa8897c73454881c4f99d6bc81585aecd7c441746c1399d08363dc096c550cceaf97bd4ce1e8854e1771e9998d9f94c4fe075839
  languageName: node
  linkType: hard

"cssesc@npm:^3.0.0":
  version: 3.0.0
  resolution: "cssesc@npm:3.0.0"
  bin:
    cssesc: bin/cssesc
  checksum: 10c0/6bcfd898662671be15ae7827120472c5667afb3d7429f1f917737f3bf84c4176003228131b643ae74543f17a394446247df090c597bb9a728cce298606ed0aa7
  languageName: node
  linkType: hard

"csstype@npm:^3.2.2":
  version: 3.2.3
  resolution: "csstype@npm:3.2.3"
  checksum: 10c0/cd29c51e70fa822f1cecd8641a1445bed7063697469d35633b516e60fe8c1bde04b08f6c5b6022136bb669b64c63d4173af54864510fbb4ee23281801841a3ce
  languageName: node
  linkType: hard

"detect-libc@npm:^2.1.2":
  version: 2.1.2
  resolution: "detect-libc@npm:2.1.2"
  checksum: 10c0/acc675c29a5649fa1fb6e255f993b8ee829e510b6b56b0910666949c80c364738833417d0edb5f90e4e46be17228b0f2b66a010513984e18b15deeeac49369c4
  languageName: node
  linkType: hard

"detect-node-es@npm:^1.1.0":
  version: 1.1.0
  resolution: "detect-node-es@npm:1.1.0"
  checksum: 10c0/e562f00de23f10c27d7119e1af0e7388407eb4b06596a25f6d79a360094a109ff285de317f02b090faae093d314cf6e73ac3214f8a5bb3a0def5bece94557fbe
  languageName: node
  linkType: hard

"fdir@npm:^6.5.0":
  version: 6.5.0
  resolution: "fdir@npm:6.5.0"
  peerDependencies:
    picomatch: ^3 || ^4
  peerDependenciesMeta:
    picomatch:
      optional: true
  checksum: 10c0/e345083c4306b3aed6cb8ec551e26c36bab5c511e99ea4576a16750ddc8d3240e63826cc624f5ae17ad4dc82e68a253213b60d556c11bfad064b7607847ed07f
  languageName: node
  linkType: hard

"get-nonce@npm:^1.0.0":
  version: 1.0.1
  resolution: "get-nonce@npm:1.0.1"
  checksum: 10c0/2d7df55279060bf0568549e1ffc9b84bc32a32b7541675ca092dce56317cdd1a59a98dcc4072c9f6a980779440139a3221d7486f52c488e69dc0fd27b1efb162
  languageName: node
  linkType: hard

"mantine-minimal-next-template@workspace:.":
  version: 0.0.0-use.local
  resolution: "mantine-minimal-next-template@workspace:."
  dependencies:
    "@mantine/core": "npm:9.6.1"
    "@mantine/hooks": "npm:9.6.1"
    "@tabler/icons-react": "npm:^3.48.0"
    "@types/node": "npm:24.3.3"
    "@types/react": "npm:19.2.14"
    "@types/react-dom": "npm:^19.2.1"
    next: "npm:16.2.2"
    oxc-config-mantine: "npm:^1.0.0"
    oxlint: "npm:^1.70.0"
    postcss: "npm:^8.5.6"
    postcss-preset-mantine: "npm:1.18.0"
    postcss-simple-vars: "npm:^7.0.1"
    react: "npm:19.2.4"
    react-dom: "npm:19.2.4"
    typescript: "npm:6.0.2"
  languageName: unknown
  linkType: soft

"nanoid@npm:^3.3.18, nanoid@npm:^3.3.6":
  version: 3.3.19
  resolution: "nanoid@npm:3.3.19"
  bin:
    nanoid: bin/nanoid.cjs
  checksum: 10c0/ce7afa6258bfaa00bdc8de291cfe9913280eaa403b7d9cff3db4e4200c1913e7163577df74897958da144db473a96c67f74f57db0f542fbfe409df677bae3255
  languageName: node
  linkType: hard

"next@npm:16.2.2":
  version: 16.2.2
  resolution: "next@npm:16.2.2"
  dependencies:
    "@next/env": "npm:16.2.2"
    "@next/swc-darwin-arm64": "npm:16.2.2"
    "@next/swc-darwin-x64": "npm:16.2.2"
    "@next/swc-linux-arm64-gnu": "npm:16.2.2"
    "@next/swc-linux-arm64-musl": "npm:16.2.2"
    "@next/swc-linux-x64-gnu": "npm:16.2.2"
    "@next/swc-linux-x64-musl": "npm:16.2.2"
    "@next/swc-win32-arm64-msvc": "npm:16.2.2"
    "@next/swc-win32-x64-msvc": "npm:16.2.2"
    "@swc/helpers": "npm:0.5.15"
    baseline-browser-mapping: "npm:^2.9.19"
    caniuse-lite: "npm:^1.0.30001579"
    postcss: "npm:8.4.31"
    sharp: "npm:^0.34.5"
    styled-jsx: "npm:5.1.6"
  peerDependencies:
    "@opentelemetry/api": ^1.1.0
    "@playwright/test": ^1.51.1
    babel-plugin-react-compiler: "*"
    react: ^18.2.0 || 19.0.0-rc-de68d2f4-20241204 || ^19.0.0
    react-dom: ^18.2.0 || 19.0.0-rc-de68d2f4-20241204 || ^19.0.0
    sass: ^1.3.0
  dependenciesMeta:
    "@next/swc-darwin-arm64":
      optional: true
    "@next/swc-darwin-x64":
      optional: true
    "@next/swc-linux-arm64-gnu":
      optional: true
    "@next/swc-linux-arm64-musl":
      optional: true
    "@next/swc-linux-x64-gnu":
      optional: true
    "@next/swc-linux-x64-musl":
      optional: true
    "@next/swc-win32-arm64-msvc":
      optional: true
    "@next/swc-win32-x64-msvc":
      optional: true
    sharp:
      optional: true
  peerDependenciesMeta:
    "@opentelemetry/api":
      optional: true
    "@playwright/test":
      optional: true
    babel-plugin-react-compiler:
      optional: true
    sass:
      optional: true
  bin:
    next: dist/bin/next
  checksum: 10c0/e52691071d6166ae00c8725738fd089aea764b6c07de438d22dffdad2e88ef4bb31bcc8c5687c36cf2640cda9660014cbac39178cec8ff62d20c214e88941bf7
  languageName: node
  linkType: hard

"oxc-config-mantine@npm:^1.0.0":
  version: 1.0.3
  resolution: "oxc-config-mantine@npm:1.0.3"
  peerDependencies:
    oxfmt: ">=0.55.0"
    oxlint: ^1.70.0
  checksum: 10c0/4b831d4941d84198118c413d9aaf86bbbbbe1c657c9db9161f3e7b5678618adac6bfa3195fad7b8bef0caae5f951a17c7fb8368b85af9c113fa2004576ae6886
  languageName: node
  linkType: hard

"oxlint@npm:^1.70.0":
  version: 1.85.0
  resolution: "oxlint@npm:1.85.0"
  dependencies:
    "@oxlint/binding-android-arm-eabi": "npm:1.85.0"
    "@oxlint/binding-android-arm64": "npm:1.85.0"
    "@oxlint/binding-darwin-arm64": "npm:1.85.0"
    "@oxlint/binding-darwin-x64": "npm:1.85.0"
    "@oxlint/binding-freebsd-x64": "npm:1.85.0"
    "@oxlint/binding-linux-arm-gnueabihf": "npm:1.85.0"
    "@oxlint/binding-linux-arm-musleabihf": "npm:1.85.0"
    "@oxlint/binding-linux-arm64-gnu": "npm:1.85.0"
    "@oxlint/binding-linux-arm64-musl": "npm:1.85.0"
    "@oxlint/binding-linux-ppc64-gnu": "npm:1.85.0"
    "@oxlint/binding-linux-riscv64-gnu": "npm:1.85.0"
    "@oxlint/binding-linux-riscv64-musl": "npm:1.85.0"
    "@oxlint/binding-linux-s390x-gnu": "npm:1.85.0"
    "@oxlint/binding-linux-x64-gnu": "npm:1.85.0"
    "@oxlint/binding-linux-x64-musl": "npm:1.85.0"
    "@oxlint/binding-openharmony-arm64": "npm:1.85.0"
    "@oxlint/binding-win32-arm64-msvc": "npm:1.85.0"
    "@oxlint/binding-win32-ia32-msvc": "npm:1.85.0"
    "@oxlint/binding-win32-x64-msvc": "npm:1.85.0"
  peerDependencies:
    oxlint-tsgolint: ">=7.0.2001"
    vite-plus: "*"
  dependenciesMeta:
    "@oxlint/binding-android-arm-eabi":
      optional: true
    "@oxlint/binding-android-arm64":
      optional: true
    "@oxlint/binding-darwin-arm64":
      optional: true
    "@oxlint/binding-darwin-x64":
      optional: true
    "@oxlint/binding-freebsd-x64":
      optional: true
    "@oxlint/binding-linux-arm-gnueabihf":
      optional: true
    "@oxlint/binding-linux-arm-musleabihf":
      optional: true
    "@oxlint/binding-linux-arm64-gnu":
      optional: true
    "@oxlint/binding-linux-arm64-musl":
      optional: true
    "@oxlint/binding-linux-ppc64-gnu":
      optional: true
    "@oxlint/binding-linux-riscv64-gnu":
      optional: true
    "@oxlint/binding-linux-riscv64-musl":
      optional: true
    "@oxlint/binding-linux-s390x-gnu":
      optional: true
    "@oxlint/binding-linux-x64-gnu":
      optional: true
    "@oxlint/binding-linux-x64-musl":
      optional: true
    "@oxlint/binding-openharmony-arm64":
      optional: true
    "@oxlint/binding-win32-arm64-msvc":
      optional: true
    "@oxlint/binding-win32-ia32-msvc":
      optional: true
    "@oxlint/binding-win32-x64-msvc":
      optional: true
  peerDependenciesMeta:
    oxlint-tsgolint:
      optional: true
    vite-plus:
      optional: true
  bin:
    oxlint: bin/oxlint
  checksum: 10c0/8ed3d50ddd19a3beea4b0ceed69596c7587036ec830c8bd2d71cd6317d6bebaaf2d6b9b1783c3806e6187a310e37dbe42347cfd103f4bbff83cf5f99ba1d35b5
  languageName: node
  linkType: hard

"picocolors@npm:^1.0.0, picocolors@npm:^1.1.1":
  version: 1.1.1
  resolution: "picocolors@npm:1.1.1"
  checksum: 10c0/e2e3e8170ab9d7c7421969adaa7e1b31434f789afb9b3f115f6b96d91945041ac3ceb02e9ec6fe6510ff036bcc0bf91e69a1772edc0b707e12b19c0f2d6bcf58
  languageName: node
  linkType: hard

"picomatch@npm:^4.0.4":
  version: 4.0.7
  resolution: "picomatch@npm:4.0.7"
  checksum: 10c0/beb6ae02c43ae44e84883b90830196d9046b1726ead292adcf7f57945e0bb0d992d68563d87e03b484b6f3c9a5c6defda7523477f047d7f0e663f126cc01787f
  languageName: node
  linkType: hard

"postcss-js@npm:^4.0.1":
  version: 4.1.0
  resolution: "postcss-js@npm:4.1.0"
  dependencies:
    camelcase-css: "npm:^2.0.1"
  peerDependencies:
    postcss: ^8.4.21
  checksum: 10c0/a3cf6e725f3e9ecd7209732f8844a0063a1380b718ccbcf93832b6ec2cd7e63ff70dd2fed49eb2483c7482296860a0f7badd3115b5d0fa05ea648eb6d9dfc9c6
  languageName: node
  linkType: hard

"postcss-mixins@npm:^12.0.0":
  version: 12.1.2
  resolution: "postcss-mixins@npm:12.1.2"
  dependencies:
    postcss-js: "npm:^4.0.1"
    postcss-simple-vars: "npm:^7.0.1"
    sugarss: "npm:^5.0.0"
    tinyglobby: "npm:^0.2.14"
  peerDependencies:
    postcss: ^8.2.14
  checksum: 10c0/cbd33a40545ebcaa08acc9126a6cbffc48db968ea5a555c397b3c5b30e0f805fb2de3381556b36efe3dc9eb935d51c6056b86d6367fb6204f6c1ae492017524d
  languageName: node
  linkType: hard

"postcss-nested@npm:^7.0.2":
  version: 7.0.2
  resolution: "postcss-nested@npm:7.0.2"
  dependencies:
    postcss-selector-parser: "npm:^7.0.0"
  peerDependencies:
    postcss: ^8.2.14
  checksum: 10c0/b467f328c89c5b0dcd1b569ae083f6163235c0cac09494a0b284eef5275fa1386bbc26c66c85adf194cef0a65d315994140724a34539a096e5acd39d9c753338
  languageName: node
  linkType: hard

"postcss-preset-mantine@npm:1.18.0":
  version: 1.18.0
  resolution: "postcss-preset-mantine@npm:1.18.0"
  dependencies:
    postcss-mixins: "npm:^12.0.0"
    postcss-nested: "npm:^7.0.2"
  peerDependencies:
    postcss: ">=8.0.0"
  checksum: 10c0/11308684261220a88f8607c10846777b7f83a8b44d6e787ed803a5ee4ceabbc447ffbaaccd34da8da650907d502c0703b8245cecf42b2714def1e8991dcec81d
  languageName: node
  linkType: hard

"postcss-selector-parser@npm:^7.0.0":
  version: 7.1.6
  resolution: "postcss-selector-parser@npm:7.1.6"
  dependencies:
    cssesc: "npm:^3.0.0"
    util-deprecate: "npm:^1.0.2"
  checksum: 10c0/fc8279859896b96ef25b24d0289b2bfff7bce6647b247aa983939ff872e226663788d1ea57bddf9d1695119c071e5cdcb8b2a364ed4313502efe4b0319879154
  languageName: node
  linkType: hard

"postcss-simple-vars@npm:^7.0.1":
  version: 7.0.1
  resolution: "postcss-simple-vars@npm:7.0.1"
  peerDependencies:
    postcss: ^8.2.1
  checksum: 10c0/b59c750b2f406a18b133184144b5ffefbd21a2179c5bf5d54651269c0b6bb0110c2bbed33a9161d8b93f8a11cf7725da0a65653e7c2786c8a59f937591115a33
  languageName: node
  linkType: hard

"postcss@npm:8.4.31":
  version: 8.4.31
  resolution: "postcss@npm:8.4.31"
  dependencies:
    nanoid: "npm:^3.3.6"
    picocolors: "npm:^1.0.0"
    source-map-js: "npm:^1.0.2"
  checksum: 10c0/748b82e6e5fc34034dcf2ae88ea3d11fd09f69b6c50ecdd3b4a875cfc7cdca435c958b211e2cb52355422ab6fccb7d8f2f2923161d7a1b281029e4a913d59acf
  languageName: node
  linkType: hard

"postcss@npm:^8.5.6":
  version: 8.5.28
  resolution: "postcss@npm:8.5.28"
  dependencies:
    nanoid: "npm:^3.3.18"
    picocolors: "npm:^1.1.1"
    source-map-js: "npm:^1.2.1"
  checksum: 10c0/9fe44215a6628d89c8a75184b92f5b2f77e16f9e5b13b39b9009bb7e8e6eccddf82c8854bae922db1f17ace6ef3445073fe38abff513caeb03e5285b1b55620a
  languageName: node
  linkType: hard

"react-dom@npm:19.2.4":
  version: 19.2.4
  resolution: "react-dom@npm:19.2.4"
  dependencies:
    scheduler: "npm:^0.27.0"
  peerDependencies:
    react: ^19.2.4
  checksum: 10c0/f0c63f1794dedb154136d4d0f59af00b41907f4859571c155940296808f4b94bf9c0c20633db75b5b2112ec13d8d7dd4f9bf57362ed48782f317b11d05a44f35
  languageName: node
  linkType: hard

"react-number-format@npm:^5.4.5":
  version: 5.4.5
  resolution: "react-number-format@npm:5.4.5"
  peerDependencies:
    react: ^0.14 || ^15.0.0 || ^16.0.0 || ^17.0.0 || ^18.0.0 || ^19.0.0
    react-dom: ^0.14 || ^15.0.0 || ^16.0.0 || ^17.0.0 || ^18.0.0 || ^19.0.0
  checksum: 10c0/bc5570a48542622f6c9068be616e87cc5280a67bb7f5a8ae13fe7a67e42f6ec12c244453b967b76737d775704ef792183bd8a47b23c225535342eccb7b1fcbb0
  languageName: node
  linkType: hard

"react-remove-scroll-bar@npm:^2.3.7":
  version: 2.3.8
  resolution: "react-remove-scroll-bar@npm:2.3.8"
  dependencies:
    react-style-singleton: "npm:^2.2.2"
    tslib: "npm:^2.0.0"
  peerDependencies:
    "@types/react": "*"
    react: ^16.8.0 || ^17.0.0 || ^18.0.0 || ^19.0.0
  peerDependenciesMeta:
    "@types/react":
      optional: true
  checksum: 10c0/9a0675c66cbb52c325bdbfaed80987a829c4504cefd8ff2dd3b6b3afc9a1500b8ec57b212e92c1fb654396d07bbe18830a8146fe77677d2a29ce40b5e1f78654
  languageName: node
  linkType: hard

"react-remove-scroll@npm:^2.7.2":
  version: 2.7.2
  resolution: "react-remove-scroll@npm:2.7.2"
  dependencies:
    react-remove-scroll-bar: "npm:^2.3.7"
    react-style-singleton: "npm:^2.2.3"
    tslib: "npm:^2.1.0"
    use-callback-ref: "npm:^1.3.3"
    use-sidecar: "npm:^1.1.3"
  peerDependencies:
    "@types/react": "*"
    react: ^16.8.0 || ^17.0.0 || ^18.0.0 || ^19.0.0 || ^19.0.0-rc
  peerDependenciesMeta:
    "@types/react":
      optional: true
  checksum: 10c0/b5f3315bead75e72853f492c0b51ba8fb4fa09a4534d7fc42d6fcd59ca3e047cf213279ffc1e35b337e314ef5a04cb2b12544c85e0078802271731c27c09e5aa
  languageName: node
  linkType: hard

"react-style-singleton@npm:^2.2.2, react-style-singleton@npm:^2.2.3":
  version: 2.2.3
  resolution: "react-style-singleton@npm:2.2.3"
  dependencies:
    get-nonce: "npm:^1.0.0"
    tslib: "npm:^2.0.0"
  peerDependencies:
    "@types/react": "*"
    react: ^16.8.0 || ^17.0.0 || ^18.0.0 || ^19.0.0 || ^19.0.0-rc
  peerDependenciesMeta:
    "@types/react":
      optional: true
  checksum: 10c0/841938ff16d16a6b76895f4cb2e1fea957e5fe3b30febbf03a54892dae1c9153f2383e231dea0b3ba41192ad2f2849448fa859caccd288943bce32639e971bee
  languageName: node
  linkType: hard

"react@npm:19.2.4":
  version: 19.2.4
  resolution: "react@npm:19.2.4"
  checksum: 10c0/cd2c9ff67a720799cc3b38a516009986f7fc4cb8d3e15716c6211cf098d1357ee3e348ab05ad0600042bbb0fd888530ba92e329198c92eafa0994f5213396596
  languageName: node
  linkType: hard

"scheduler@npm:^0.27.0":
  version: 0.27.0
  resolution: "scheduler@npm:0.27.0"
  checksum: 10c0/4f03048cb05a3c8fddc45813052251eca00688f413a3cee236d984a161da28db28ba71bd11e7a3dd02f7af84ab28d39fb311431d3b3772fed557945beb00c452
  languageName: node
  linkType: hard

"semver@npm:^7.7.3":
  version: 7.8.5
  resolution: "semver@npm:7.8.5"
  bin:
    semver: bin/semver.js
  checksum: 10c0/b1f3127a5be8125a94f37188b361c212466c292c6910adce3ec106cff5dc211ccaedc4739c11bb70fda59d6fc1f040a9bca289f4e093451521a2372e5231fe0c
  languageName: node
  linkType: hard

"sharp@npm:^0.34.5":
  version: 0.34.5
  resolution: "sharp@npm:0.34.5"
  dependencies:
    "@img/colour": "npm:^1.0.0"
    "@img/sharp-darwin-arm64": "npm:0.34.5"
    "@img/sharp-darwin-x64": "npm:0.34.5"
    "@img/sharp-libvips-darwin-arm64": "npm:1.2.4"
    "@img/sharp-libvips-darwin-x64": "npm:1.2.4"
    "@img/sharp-libvips-linux-arm": "npm:1.2.4"
    "@img/sharp-libvips-linux-arm64": "npm:1.2.4"
    "@img/sharp-libvips-linux-ppc64": "npm:1.2.4"
    "@img/sharp-libvips-linux-riscv64": "npm:1.2.4"
    "@img/sharp-libvips-linux-s390x": "npm:1.2.4"
    "@img/sharp-libvips-linux-x64": "npm:1.2.4"
    "@img/sharp-libvips-linuxmusl-arm64": "npm:1.2.4"
    "@img/sharp-libvips-linuxmusl-x64": "npm:1.2.4"
    "@img/sharp-linux-arm": "npm:0.34.5"
    "@img/sharp-linux-arm64": "npm:0.34.5"
    "@img/sharp-linux-ppc64": "npm:0.34.5"
    "@img/sharp-linux-riscv64": "npm:0.34.5"
    "@img/sharp-linux-s390x": "npm:0.34.5"
    "@img/sharp-linux-x64": "npm:0.34.5"
    "@img/sharp-linuxmusl-arm64": "npm:0.34.5"
    "@img/sharp-linuxmusl-x64": "npm:0.34.5"
    "@img/sharp-wasm32": "npm:0.34.5"
    "@img/sharp-win32-arm64": "npm:0.34.5"
    "@img/sharp-win32-ia32": "npm:0.34.5"
    "@img/sharp-win32-x64": "npm:0.34.5"
    detect-libc: "npm:^2.1.2"
    semver: "npm:^7.7.3"
  dependenciesMeta:
    "@img/sharp-darwin-arm64":
      optional: true
    "@img/sharp-darwin-x64":
      optional: true
    "@img/sharp-libvips-darwin-arm64":
      optional: true
    "@img/sharp-libvips-darwin-x64":
      optional: true
    "@img/sharp-libvips-linux-arm":
      optional: true
    "@img/sharp-libvips-linux-arm64":
      optional: true
    "@img/sharp-libvips-linux-ppc64":
      optional: true
    "@img/sharp-libvips-linux-riscv64":
      optional: true
    "@img/sharp-libvips-linux-s390x":
      optional: true
    "@img/sharp-libvips-linux-x64":
      optional: true
    "@img/sharp-libvips-linuxmusl-arm64":
      optional: true
    "@img/sharp-libvips-linuxmusl-x64":
      optional: true
    "@img/sharp-linux-arm":
      optional: true
    "@img/sharp-linux-arm64":
      optional: true
    "@img/sharp-linux-ppc64":
      optional: true
    "@img/sharp-linux-riscv64":
      optional: true
    "@img/sharp-linux-s390x":
      optional: true
    "@img/sharp-linux-x64":
      optional: true
    "@img/sharp-linuxmusl-arm64":
      optional: true
    "@img/sharp-linuxmusl-x64":
      optional: true
    "@img/sharp-wasm32":
      optional: true
    "@img/sharp-win32-arm64":
      optional: true
    "@img/sharp-win32-ia32":
      optional: true
    "@img/sharp-win32-x64":
      optional: true
  checksum: 10c0/fd79e29df0597a7d5704b8461c51f944ead91a5243691697be6e8243b966402beda53ddc6f0a53b96ea3cb8221f0b244aa588114d3ebf8734fb4aefd41ab802f
  languageName: node
  linkType: hard

"source-map-js@npm:^1.0.2, source-map-js@npm:^1.2.1":
  version: 1.2.1
  resolution: "source-map-js@npm:1.2.1"
  checksum: 10c0/7bda1fc4c197e3c6ff17de1b8b2c20e60af81b63a52cb32ec5a5d67a20a7d42651e2cb34ebe93833c5a2a084377e17455854fee3e21e7925c64a51b6a52b0faf
  languageName: node
  linkType: hard

"styled-jsx@npm:5.1.6":
  version: 5.1.6
  resolution: "styled-jsx@npm:5.1.6"
  dependencies:
    client-only: "npm:0.0.1"
  peerDependencies:
    react: ">= 16.8.0 || 17.x.x || ^18.0.0-0 || ^19.0.0-0"
  peerDependenciesMeta:
    "@babel/core":
      optional: true
    babel-plugin-macros:
      optional: true
  checksum: 10c0/ace50e7ea5ae5ae6a3b65a50994c51fca6ae7df9c7ecfd0104c36be0b4b3a9c5c1a2374d16e2a11e256d0b20be6d47256d768ecb4f91ab390f60752a075780f5
  languageName: node
  linkType: hard

"sugarss@npm:^5.0.0":
  version: 5.0.1
  resolution: "sugarss@npm:5.0.1"
  peerDependencies:
    postcss: ^8.3.3
  checksum: 10c0/479d0b194bdb731000a323a0addcd1ffe29e4b7a93eb5cbe3efc34f01beb4ef0397d448f3b654ba5afa4a0e526d6758bcce4f41713806cb6a5a9383982eda6c8
  languageName: node
  linkType: hard

"tabbable@npm:^6.0.0":
  version: 6.5.0
  resolution: "tabbable@npm:6.5.0"
  checksum: 10c0/7d778af05a3093800265831198cad9d0024f3d65cdd4405007490f7430b42ff4e80060b4679f45281fb96ddbddc5fb895e8ea36e3ebdc811051e14acc9c7c02c
  languageName: node
  linkType: hard

"tagged-tag@npm:^1.0.0":
  version: 1.0.0
  resolution: "tagged-tag@npm:1.0.0"
  checksum: 10c0/91d25c9ffb86a91f20522cefb2cbec9b64caa1febe27ad0df52f08993ff60888022d771e868e6416cf2e72dab68449d2139e8709ba009b74c6c7ecd4000048d1
  languageName: node
  linkType: hard

"tinyglobby@npm:^0.2.14":
  version: 0.2.17
  resolution: "tinyglobby@npm:0.2.17"
  dependencies:
    fdir: "npm:^6.5.0"
    picomatch: "npm:^4.0.4"
  checksum: 10c0/7f7bb0f197c88bc4b20c231e0deca4240ca3bf313a88f5a7fee93a872b84966a4d50220947c0455ad07a60b3b360961c5b7fd979222aeb716a9f99b412002e4c
  languageName: node
  linkType: hard

"tslib@npm:^2.0.0, tslib@npm:^2.1.0, tslib@npm:^2.4.0, tslib@npm:^2.8.0":
  version: 2.8.1
  resolution: "tslib@npm:2.8.1"
  checksum: 10c0/9c4759110a19c53f992d9aae23aac5ced636e99887b51b9e61def52611732872ff7668757d4e4c61f19691e36f4da981cd9485e869b4a7408d689f6bf1f14e62
  languageName: node
  linkType: hard

"type-fest@npm:^5.8.0":
  version: 5.10.0
  resolution: "type-fest@npm:5.10.0"
  dependencies:
    tagged-tag: "npm:^1.0.0"
  checksum: 10c0/313c5d0e37a3f1cc82e942f3228f897623c8b54a63a8a95532d0c2c21ab200793caa70bd8904a83fd713eb28d87ba32468b09b345ef6efa25cecb345b467226f
  languageName: node
  linkType: hard

"typescript@npm:6.0.2":
  version: 6.0.2
  resolution: "typescript@npm:6.0.2"
  bin:
    tsc: bin/tsc
    tsserver: bin/tsserver
  checksum: 10c0/4b860b0bf87cc0fee0f66d8ef2640b5a8a8a8c74d1129adb82e389e5f97124383823c47946bef8a73ede371461143a3aa8544399d2133c7b2e4f07e81860af7f
  languageName: node
  linkType: hard

"typescript@patch:typescript@npm%3A6.0.2#optional!builtin<compat/typescript>":
  version: 6.0.2
  resolution: "typescript@patch:typescript@npm%3A6.0.2#optional!builtin<compat/typescript>::version=6.0.2&hash=5786d5"
  bin:
    tsc: bin/tsc
    tsserver: bin/tsserver
  checksum: 10c0/49f0b84fc6ca55653e77752b8a61beabc09ee3dae5d965c31596225aa6ef213c5727b1d2e895b900416dc603854ba0872ac4a812c2a4ed6793a601f9c675de02
  languageName: node
  linkType: hard

"undici-types@npm:~7.10.0":
  version: 7.10.0
  resolution: "undici-types@npm:7.10.0"
  checksum: 10c0/8b00ce50e235fe3cc601307f148b5e8fb427092ee3b23e8118ec0a5d7f68eca8cee468c8fc9f15cbb2cf2a3797945ebceb1cbd9732306a1d00e0a9b6afa0f635
  languageName: node
  linkType: hard

"use-callback-ref@npm:^1.3.3":
  version: 1.3.3
  resolution: "use-callback-ref@npm:1.3.3"
  dependencies:
    tslib: "npm:^2.0.0"
  peerDependencies:
    "@types/react": "*"
    react: ^16.8.0 || ^17.0.0 || ^18.0.0 || ^19.0.0 || ^19.0.0-rc
  peerDependenciesMeta:
    "@types/react":
      optional: true
  checksum: 10c0/f887488c6e6075cdad4962979da1714b217bcb1ee009a9e57ce9a844bcfc4c3a99e93983dfc2e5af9e0913824d24e730090ff255e902c516dcb58d2d3837e01c
  languageName: node
  linkType: hard

"use-sidecar@npm:^1.1.3":
  version: 1.1.3
  resolution: "use-sidecar@npm:1.1.3"
  dependencies:
    detect-node-es: "npm:^1.1.0"
    tslib: "npm:^2.0.0"
  peerDependencies:
    "@types/react": "*"
    react: ^16.8.0 || ^17.0.0 || ^18.0.0 || ^19.0.0 || ^19.0.0-rc
  peerDependenciesMeta:
    "@types/react":
      optional: true
  checksum: 10c0/161599bf921cfaa41c85d2b01c871975ee99260f3e874c2d41c05890d41170297bdcf314bc5185e7a700de2034ac5b888e3efc8e9f35724f4918f53538d717c9
  languageName: node
  linkType: hard

"util-deprecate@npm:^1.0.2":
  version: 1.0.2
  resolution: "util-deprecate@npm:1.0.2"
  checksum: 10c0/41a5bdd214df2f6c3ecf8622745e4a366c4adced864bc3c833739791aeeeb1838119af7daed4ba36428114b5c67dcda034a79c882e97e43c03e66a4dd7389942
  languageName: node
  linkType: hard
